
Microsoft Visual Studio Solution File, Format Version 12.00
# Visual Studio Version 17
VisualStudioVersion = 17.6.33723.286
MinimumVisualStudioVersion = 10.0.40219.1
Project("{9A19103F-16F7-4668-BE54-9A1E7A4F7556}") = "DesignPatterns", "DesignPatterns\DesignPatterns.csproj", "{4C6AD128-CB65-439F-87A6-EE1182777B92}"
EndProject
Project("{2150E333-8FDC-42A3-9474-1A3956D46DE8}") = "Creational", "Creational", "{9EAF45DD-6D61-468D-B83F-B7F913FC9ED4}"
EndProject
Project("{2150E333-8FDC-42A3-9474-1A3956D46DE8}") = "Structural", "Structural", "{A5FA6C01-636B-47BC-9C97-16622CAE76B4}"
EndProject
Project("{2150E333-8FDC-42A3-9474-1A3956D46DE8}") = "Behavioral", "Behavioral", "{A4E04B47-09C5-4E3B-B93F-7CCEF4D8C3E1}"
EndProject
Project("{9A19103F-16F7-4668-BE54-9A1E7A4F7556}") = "FactoryMethod", "FactoryMethod\FactoryMethod.csproj", "{BB1E3AB1-FD86-46F4-A4AC-0509A3D5FD02}"
EndProject
Project("{9A19103F-16F7-4668-BE54-9A1E7A4F7556}") = "AbstractFactory", "AbstractFactory\AbstractFactory.csproj", "{2820AB22-B970-43AE-BF9D-0810F1712639}"
EndProject
Project("{9A19103F-16F7-4668-BE54-9A1E7A4F7556}") = "Builder", "Builder\Builder.csproj", "{C36C1FFC-1412-4633-B3B7-D23645DB92CA}"
EndProject
Project("{9A19103F-16F7-4668-BE54-9A1E7A4F7556}") = "Prototype", "Prototype\Prototype.csproj", "{291F08E7-D0F9-4E46-B651-17D4A45759D0}"
EndProject
Project("{9A19103F-16F7-4668-BE54-9A1E7A4F7556}") = "Singleton", "Singleton\Singleton.csproj", "{D2279F3E-9A45-4AED-A902-32E26ACE5C2F}"
EndProject
Project("{9A19103F-16F7-4668-BE54-9A1E7A4F7556}") = "AdapterPattern", "AdapterPattern\AdapterPattern.csproj", "{7F38A8FF-2802-4FA8-8F85-40B648C07370}"
EndProject
Project("{9A19103F-16F7-4668-BE54-9A1E7A4F7556}") = "Bridge", "Bridge\Bridge.csproj", "{2A30FAE8-B717-4BA0-B395-DA017473EED0}"
EndProject
Project("{9A19103F-16F7-4668-BE54-9A1E7A4F7556}") = "Composite", "Composite\Composite.csproj", "{E919C6EA-ABE7-4A29-9DDA-D8455289DCA1}"
EndProject
Project("{9A19103F-16F7-4668-BE54-9A1E7A4F7556}") = "Decorator", "Decorator\Decorator.csproj", "{692A4BED-F80D-4C30-9746-4035C4499705}"
EndProject
Project("{9A19103F-16F7-4668-BE54-9A1E7A4F7556}") = "Facade", "Facade\Facade.csproj", "{8AB9DF13-4407-4C67-9EE5-B923CC8928CE}"
EndProject
Project("{9A19103F-16F7-4668-BE54-9A1E7A4F7556}") = "Proxy", "Proxy\Proxy.csproj", "{1777183C-C398-4967-87EC-D3DBEEBA92DD}"
EndProject
Project("{9A19103F-16F7-4668-BE54-9A1E7A4F7556}") = "Flyweight", "Flyweight\Flyweight.csproj", "{30A92EBD-3579-4388-8927-854ADFF5FCDF}"
EndProject
Project("{FAE04EC0-301F-11D3-BF4B-00C04F79EFBC}") = "ChainOfResponsibility", "ChainOfResponsibility\ChainOfResponsibility.csproj", "{7966E2BF-4971-49B9-8C4E-CF8ED187169A}"
EndProject
Global
	GlobalSection(SolutionConfigurationPlatforms) = preSolution
		Debug|Any CPU = Debug|Any CPU
		Release|Any CPU = Release|Any CPU
	EndGlobalSection
	GlobalSection(ProjectConfigurationPlatforms) = postSolution
		{4C6AD128-CB65-439F-87A6-EE1182777B92}.Debug|Any CPU.ActiveCfg = Debug|Any CPU
		{4C6AD128-CB65-439F-87A6-EE1182777B92}.Debug|Any CPU.Build.0 = Debug|Any CPU
		{4C6AD128-CB65-439F-87A6-EE1182777B92}.Release|Any CPU.ActiveCfg = Release|Any CPU
		{4C6AD128-CB65-439F-87A6-EE1182777B92}.Release|Any CPU.Build.0 = Release|Any CPU
		{BB1E3AB1-FD86-46F4-A4AC-0509A3D5FD02}.Debug|Any CPU.ActiveCfg = Debug|Any CPU
		{BB1E3AB1-FD86-46F4-A4AC-0509A3D5FD02}.Debug|Any CPU.Build.0 = Debug|Any CPU
		{BB1E3AB1-FD86-46F4-A4AC-0509A3D5FD02}.Release|Any CPU.ActiveCfg = Release|Any CPU
		{BB1E3AB1-FD86-46F4-A4AC-0509A3D5FD02}.Release|Any CPU.Build.0 = Release|Any CPU
		{2820AB22-B970-43AE-BF9D-0810F1712639}.Debug|Any CPU.ActiveCfg = Debug|Any CPU
		{2820AB22-B970-43AE-BF9D-0810F1712639}.Debug|Any CPU.Build.0 = Debug|Any CPU
		{2820AB22-B970-43AE-BF9D-0810F1712639}.Release|Any CPU.ActiveCfg = Release|Any CPU
		{2820AB22-B970-43AE-BF9D-0810F1712639}.Release|Any CPU.Build.0 = Release|Any CPU
		{C36C1FFC-1412-4633-B3B7-D23645DB92CA}.Debug|Any CPU.ActiveCfg = Debug|Any CPU
		{C36C1FFC-1412-4633-B3B7-D23645DB92CA}.Debug|Any CPU.Build.0 = Debug|Any CPU
		{C36C1FFC-1412-4633-B3B7-D23645DB92CA}.Release|Any CPU.ActiveCfg = Release|Any CPU
		{C36C1FFC-1412-4633-B3B7-D23645DB92CA}.Release|Any CPU.Build.0 = Release|Any CPU
		{291F08E7-D0F9-4E46-B651-17D4A45759D0}.Debug|Any CPU.ActiveCfg = Debug|Any CPU
		{291F08E7-D0F9-4E46-B651-17D4A45759D0}.Debug|Any CPU.Build.0 = Debug|Any CPU
		{291F08E7-D0F9-4E46-B651-17D4A45759D0}.Release|Any CPU.ActiveCfg = Release|Any CPU
		{291F08E7-D0F9-4E46-B651-17D4A45759D0}.Release|Any CPU.Build.0 = Release|Any CPU
		{D2279F3E-9A45-4AED-A902-32E26ACE5C2F}.Debug|Any CPU.ActiveCfg = Debug|Any CPU
		{D2279F3E-9A45-4AED-A902-32E26ACE5C2F}.Debug|Any CPU.Build.0 = Debug|Any CPU
		{D2279F3E-9A45-4AED-A902-32E26ACE5C2F}.Release|Any CPU.ActiveCfg = Release|Any CPU
		{D2279F3E-9A45-4AED-A902-32E26ACE5C2F}.Release|Any CPU.Build.0 = Release|Any CPU
		{7F38A8FF-2802-4FA8-8F85-40B648C07370}.Debug|Any CPU.ActiveCfg = Debug|Any CPU
		{7F38A8FF-2802-4FA8-8F85-40B648C07370}.Debug|Any CPU.Build.0 = Debug|Any CPU
		{7F38A8FF-2802-4FA8-8F85-40B648C07370}.Release|Any CPU.ActiveCfg = Release|Any CPU
		{7F38A8FF-2802-4FA8-8F85-40B648C07370}.Release|Any CPU.Build.0 = Release|Any CPU
		{2A30FAE8-B717-4BA0-B395-DA017473EED0}.Debug|Any CPU.ActiveCfg = Debug|Any CPU
		{2A30FAE8-B717-4BA0-B395-DA017473EED0}.Debug|Any CPU.Build.0 = Debug|Any CPU
		{2A30FAE8-B717-4BA0-B395-DA017473EED0}.Release|Any CPU.ActiveCfg = Release|Any CPU
		{2A30FAE8-B717-4BA0-B395-DA017473EED0}.Release|Any CPU.Build.0 = Release|Any CPU
		{E919C6EA-ABE7-4A29-9DDA-D8455289DCA1}.Debug|Any CPU.ActiveCfg = Debug|Any CPU
		{E919C6EA-ABE7-4A29-9DDA-D8455289DCA1}.Debug|Any CPU.Build.0 = Debug|Any CPU
		{E919C6EA-ABE7-4A29-9DDA-D8455289DCA1}.Release|Any CPU.ActiveCfg = Release|Any CPU
		{E919C6EA-ABE7-4A29-9DDA-D8455289DCA1}.Release|Any CPU.Build.0 = Release|Any CPU
		{692A4BED-F80D-4C30-9746-4035C4499705}.Debug|Any CPU.ActiveCfg = Debug|Any CPU
		{692A4BED-F80D-4C30-9746-4035C4499705}.Debug|Any CPU.Build.0 = Debug|Any CPU
		{692A4BED-F80D-4C30-9746-4035C4499705}.Release|Any CPU.ActiveCfg = Release|Any CPU
		{692A4BED-F80D-4C30-9746-4035C4499705}.Release|Any CPU.Build.0 = Release|Any CPU
		{8AB9DF13-4407-4C67-9EE5-B923CC8928CE}.Debug|Any CPU.ActiveCfg = Debug|Any CPU
		{8AB9DF13-4407-4C67-9EE5-B923CC8928CE}.Debug|Any CPU.Build.0 = Debug|Any CPU
		{8AB9DF13-4407-4C67-9EE5-B923CC8928CE}.Release|Any CPU.ActiveCfg = Release|Any CPU
		{8AB9DF13-4407-4C67-9EE5-B923CC8928CE}.Release|Any CPU.Build.0 = Release|Any CPU
		{1777183C-C398-4967-87EC-D3DBEEBA92DD}.Debug|Any CPU.ActiveCfg = Debug|Any CPU
		{1777183C-C398-4967-87EC-D3DBEEBA92DD}.Debug|Any CPU.Build.0 = Debug|Any CPU
		{1777183C-C398-4967-87EC-D3DBEEBA92DD}.Release|Any CPU.ActiveCfg = Release|Any CPU
		{1777183C-C398-4967-87EC-D3DBEEBA92DD}.Release|Any CPU.Build.0 = Release|Any CPU
		{30A92EBD-3579-4388-8927-854ADFF5FCDF}.Debug|Any CPU.ActiveCfg = Debug|Any CPU
		{30A92EBD-3579-4388-8927-854ADFF5FCDF}.Debug|Any CPU.Build.0 = Debug|Any CPU
		{30A92EBD-3579-4388-8927-854ADFF5FCDF}.Release|Any CPU.ActiveCfg = Release|Any CPU
		{30A92EBD-3579-4388-8927-854ADFF5FCDF}.Release|Any CPU.Build.0 = Release|Any CPU
		{7966E2BF-4971-49B9-8C4E-CF8ED187169A}.Debug|Any CPU.ActiveCfg = Debug|Any CPU
		{7966E2BF-4971-49B9-8C4E-CF8ED187169A}.Debug|Any CPU.Build.0 = Debug|Any CPU
		{7966E2BF-4971-49B9-8C4E-CF8ED187169A}.Release|Any CPU.ActiveCfg = Release|Any CPU
		{7966E2BF-4971-49B9-8C4E-CF8ED187169A}.Release|Any CPU.Build.0 = Release|Any CPU
	EndGlobalSection
	GlobalSection(SolutionProperties) = preSolution
		HideSolutionNode = FALSE
	EndGlobalSection
	GlobalSection(NestedProjects) = preSolution
		{BB1E3AB1-FD86-46F4-A4AC-0509A3D5FD02} = {9EAF45DD-6D61-468D-B83F-B7F913FC9ED4}
		{2820AB22-B970-43AE-BF9D-0810F1712639} = {9EAF45DD-6D61-468D-B83F-B7F913FC9ED4}
		{C36C1FFC-1412-4633-B3B7-D23645DB92CA} = {9EAF45DD-6D61-468D-B83F-B7F913FC9ED4}
		{291F08E7-D0F9-4E46-B651-17D4A45759D0} = {9EAF45DD-6D61-468D-B83F-B7F913FC9ED4}
		{D2279F3E-9A45-4AED-A902-32E26ACE5C2F} = {9EAF45DD-6D61-468D-B83F-B7F913FC9ED4}
		{7F38A8FF-2802-4FA8-8F85-40B648C07370} = {A5FA6C01-636B-47BC-9C97-16622CAE76B4}
		{2A30FAE8-B717-4BA0-B395-DA017473EED0} = {A5FA6C01-636B-47BC-9C97-16622CAE76B4}
		{E919C6EA-ABE7-4A29-9DDA-D8455289DCA1} = {A5FA6C01-636B-47BC-9C97-16622CAE76B4}
		{692A4BED-F80D-4C30-9746-4035C4499705} = {A5FA6C01-636B-47BC-9C97-16622CAE76B4}
		{8AB9DF13-4407-4C67-9EE5-B923CC8928CE} = {A5FA6C01-636B-47BC-9C97-16622CAE76B4}
		{1777183C-C398-4967-87EC-D3DBEEBA92DD} = {A5FA6C01-636B-47BC-9C97-16622CAE76B4}
		{30A92EBD-3579-4388-8927-854ADFF5FCDF} = {A5FA6C01-636B-47BC-9C97-16622CAE76B4}
		{7966E2BF-4971-49B9-8C4E-CF8ED187169A} = {A4E04B47-09C5-4E3B-B93F-7CCEF4D8C3E1}
	EndGlobalSection
	GlobalSection(ExtensibilityGlobals) = postSolution
		SolutionGuid = {FBF7548B-5B60-4C18-A192-DFA8529C1566}
	EndGlobalSection
EndGlobal
